
Microsoft Visual Studio Solution File, Format Version 12.00
# Visual Studio Version 16
VisualStudioVersion = 16.0.31702.278
MinimumVisualStudioVersion = 10.0.40219.1
Project("{FAE04EC0-301F-11D3-BF4B-00C04F79EFBC}") = "Day23AddressBookUseCase10", "Day23AddressBookUseCase10.csproj", "{A3A92706-3CD2-4842-8268-03847DB6F649}"
EndProject
Global
	GlobalSection(SolutionConfigurationPlatforms) = preSolution
		Debug|Any CPU = Debug|Any CPU
		Release|Any CPU = Release|Any CPU
	EndGlobalSection
	GlobalSection(ProjectConfigurationPlatforms) = postSolution
		{A3A92706-3CD2-4842-8268-03847DB6F649}.Debug|Any CPU.ActiveCfg = Debug|Any CPU
		{A3A92706-3CD2-4842-8268-03847DB6F649}.Debug|Any CPU.Build.0 = Debug|Any CPU
		{A3A92706-3CD2-4842-8268-03847DB6F649}.Release|Any CPU.ActiveCfg = Release|Any CPU
		{A3A92706-3CD2-4842-8268-03847DB6F649}.Release|Any CPU.Build.0 = Release|Any CPU
	EndGlobalSection
	GlobalSection(SolutionProperties) = preSolution
		HideSolutionNode = FALSE
	EndGlobalSection
	GlobalSection(ExtensibilityGlobals) = postSolution
		SolutionGuid = {E257299F-8705-47CE-867B-88E437EE12A9}
	EndGlobalSection
EndGlobal
