
Microsoft Visual Studio Solution File, Format Version 12.00
# Visual Studio Version 16
VisualStudioVersion = 16.0.31702.278
MinimumVisualStudioVersion = 10.0.40219.1
Project("{FAE04EC0-301F-11D3-BF4B-00C04F79EFBC}") = "Day23AddressBookUseCase5", "Day23AddressBookUseCase5.csproj", "{85650688-5A77-4241-8FE9-FB83B6B94570}"
EndProject
Global
	GlobalSection(SolutionConfigurationPlatforms) = preSolution
		Debug|Any CPU = Debug|Any CPU
		Release|Any CPU = Release|Any CPU
	EndGlobalSection
	GlobalSection(ProjectConfigurationPlatforms) = postSolution
		{85650688-5A77-4241-8FE9-FB83B6B94570}.Debug|Any CPU.ActiveCfg = Debug|Any CPU
		{85650688-5A77-4241-8FE9-FB83B6B94570}.Debug|Any CPU.Build.0 = Debug|Any CPU
		{85650688-5A77-4241-8FE9-FB83B6B94570}.Release|Any CPU.ActiveCfg = Release|Any CPU
		{85650688-5A77-4241-8FE9-FB83B6B94570}.Release|Any CPU.Build.0 = Release|Any CPU
	EndGlobalSection
	GlobalSection(SolutionProperties) = preSolution
		HideSolutionNode = FALSE
	EndGlobalSection
	GlobalSection(ExtensibilityGlobals) = postSolution
		SolutionGuid = {D4BFB35A-C715-4452-811A-5C5AEF1B5293}
	EndGlobalSection
EndGlobal
