
Microsoft Visual Studio Solution File, Format Version 12.00
# Visual Studio Version 16
VisualStudioVersion = 16.0.31702.278
MinimumVisualStudioVersion = 10.0.40219.1
Project("{FAE04EC0-301F-11D3-BF4B-00C04F79EFBC}") = "Day23AddressBookUseCase9", "Day23AddressBookUseCase9.csproj", "{692B075A-6B0C-438F-8ABB-449CD24E8A67}"
EndProject
Global
	GlobalSection(SolutionConfigurationPlatforms) = preSolution
		Debug|Any CPU = Debug|Any CPU
		Release|Any CPU = Release|Any CPU
	EndGlobalSection
	GlobalSection(ProjectConfigurationPlatforms) = postSolution
		{692B075A-6B0C-438F-8ABB-449CD24E8A67}.Debug|Any CPU.ActiveCfg = Debug|Any CPU
		{692B075A-6B0C-438F-8ABB-449CD24E8A67}.Debug|Any CPU.Build.0 = Debug|Any CPU
		{692B075A-6B0C-438F-8ABB-449CD24E8A67}.Release|Any CPU.ActiveCfg = Release|Any CPU
		{692B075A-6B0C-438F-8ABB-449CD24E8A67}.Release|Any CPU.Build.0 = Release|Any CPU
	EndGlobalSection
	GlobalSection(SolutionProperties) = preSolution
		HideSolutionNode = FALSE
	EndGlobalSection
	GlobalSection(ExtensibilityGlobals) = postSolution
		SolutionGuid = {F0A66D08-0733-4A05-9B0C-0B7019121FFA}
	EndGlobalSection
EndGlobal
